
Microsoft Visual Studio Solution File, Format Version 12.00
# Visual Studio Version 17
VisualStudioVersion = 17.10.34707.107
MinimumVisualStudioVersion = 10.0.40219.1
Project("{9A19103F-16F7-4668-BE54-9A1E7A4F7556}") = "DotNet8.AdoConsoleApp", "DotNet8.AdoConsoleApp\DotNet8.AdoConsoleApp.csproj", "{9B981BAD-11A6-46EA-9951-D0A69B6E735C}"
EndProject
Project("{2150E333-8FDC-42A3-9474-1A3956D46DE8}") = "Document", "Document", "{4BA8D81E-B72A-4372-ADD3-7820A9C92657}"
	ProjectSection(SolutionItems) = preProject
		README.md = README.md
	EndProjectSection
EndProject
Global
	GlobalSection(SolutionConfigurationPlatforms) = preSolution
		Debug|Any CPU = Debug|Any CPU
		Release|Any CPU = Release|Any CPU
	EndGlobalSection
	GlobalSection(ProjectConfigurationPlatforms) = postSolution
		{9B981BAD-11A6-46EA-9951-D0A69B6E735C}.Debug|Any CPU.ActiveCfg = Debug|Any CPU
		{9B981BAD-11A6-46EA-9951-D0A69B6E735C}.Debug|Any CPU.Build.0 = Debug|Any CPU
		{9B981BAD-11A6-46EA-9951-D0A69B6E735C}.Release|Any CPU.ActiveCfg = Release|Any CPU
		{9B981BAD-11A6-46EA-9951-D0A69B6E735C}.Release|Any CPU.Build.0 = Release|Any CPU
	EndGlobalSection
	GlobalSection(SolutionProperties) = preSolution
		HideSolutionNode = FALSE
	EndGlobalSection
	GlobalSection(ExtensibilityGlobals) = postSolution
		SolutionGuid = {F4C134CC-0B51-43C6-93AD-CAEF6D5DBC77}
	EndGlobalSection
EndGlobal
